PODS:
  - Alamofire (5.9.0)
  - KRPullLoader (1.3.0)

DEPENDENCIES:
  - Alamofire
  - KRPullLoader

SPEC REPOS:
  trunk:
    - Alamofire
    - KRPullLoader

SPEC CHECKSUMS:
  Alamofire: 02b772c9910e8eba1a079227c32fbd9e46c90a24
  KRPullLoader: c81594d578c90f46c1fe539b8d9a6a581ce3bdb0

PODFILE CHECKSUM: 5fb3bc5be94f96a77ab7fdf3dda1df46909e8366

COCOAPODS: 1.15.2
